PODS:
  - CBJsonModel (1.0.4):
    - JSONModel
  - JSONModel (1.7.0)

DEPENDENCIES:
  - CBJsonModel (from `../`)
  - JSONModel

EXTERNAL SOURCES:
  CBJsonModel:
    :path: ../

SPEC CHECKSUMS:
  CBJsonModel: 6cf42d2d81f3bb9d3167d4a8548c9f26307f7041
  JSONModel: 840bc0fcffb24b8454d2c026bf26fea454b8e98d

PODFILE CHECKSUM: c5d08865eae1bdffdcb37e71ebd0bdf94543626d

COCOAPODS: 1.2.1
